// !$*UTF8*$!
{
	archiveVersion = 1;
	classes = {
	};
	objectVersion = 50;
	objects = {

/* Begin PBXBuildFile section */
		373469BE24EE9D3600F2B7B3 /* HeaderView.swift in Sources */ = {isa = PBXBuildFile; fileRef = 373469BD24EE9D3600F2B7B3 /* HeaderView.swift */; };
		373469BF24EE9D3600F2B7B3 /* HeaderView.swift in Sources */ = {isa = PBXBuildFile; fileRef = 373469BD24EE9D3600F2B7B3 /* HeaderView.swift */; };
		373469C124EEA35500F2B7B3 /* GetDateFromString.swift in Sources */ = {isa = PBXBuildFile; fileRef = 373469C024EEA35500F2B7B3 /* GetDateFromString.swift */; };
		373469C224EEA35500F2B7B3 /* GetDateFromString.swift in Sources */ = {isa = PBXBuildFile; fileRef = 373469C024EEA35500F2B7B3 /* GetDateFromString.swift */; };
		373469C424EEB31B00F2B7B3 /* SnapshotPreviewData.swift in Sources */ = {isa = PBXBuildFile; fileRef = 373469C324EEB31B00F2B7B3 /* SnapshotPreviewData.swift */; };
		373469C524EEB31B00F2B7B3 /* SnapshotPreviewData.swift in Sources */ = {isa = PBXBuildFile; fileRef = 373469C324EEB31B00F2B7B3 /* SnapshotPreviewData.swift */; };
		3782752624EC026A00BF80C6 /* CandleChartView.swift in Sources */ = {isa = PBXBuildFile; fileRef = 37ACF53924EBFFB100A7DF58 /* CandleChartView.swift */; };
		3782752A24EC0F5B00BF80C6 /* Data.swift in Sources */ = {isa = PBXBuildFile; fileRef = 37ACF51724EBCDFB00A7DF58 /* Data.swift */; };
		37ACF4E924EBB89000A7DF58 /* AppDelegate.swift in Sources */ = {isa = PBXBuildFile; fileRef = 37ACF4E824EBB89000A7DF58 /* AppDelegate.swift */; };
		37ACF4EB24EBB89000A7DF58 /* SceneDelegate.swift in Sources */ = {isa = PBXBuildFile; fileRef = 37ACF4EA24EBB89000A7DF58 /* SceneDelegate.swift */; };
		37ACF4ED24EBB89000A7DF58 /* ContentView.swift in Sources */ = {isa = PBXBuildFile; fileRef = 37ACF4EC24EBB89000A7DF58 /* ContentView.swift */; };
		37ACF4EF24EBB89100A7DF58 /* Assets.xcassets in Resources */ = {isa = PBXBuildFile; fileRef = 37ACF4EE24EBB89100A7DF58 /* Assets.xcassets */; };
		37ACF4F224EBB89100A7DF58 /* Preview Assets.xcassets in Resources */ = {isa = PBXBuildFile; fileRef = 37ACF4F124EBB89100A7DF58 /* Preview Assets.xcassets */; };
		37ACF4F524EBB89100A7DF58 /* LaunchScreen.storyboard in Resources */ = {isa = PBXBuildFile; fileRef = 37ACF4F324EBB89100A7DF58 /* LaunchScreen.storyboard */; };
		37ACF50324EBB8CC00A7DF58 /* WidgetKit.framework in Frameworks */ = {isa = PBXBuildFile; fileRef = 37ACF50224EBB8CC00A7DF58 /* WidgetKit.framework */; };
		37ACF50524EBB8CC00A7DF58 /* SwiftUI.framework in Frameworks */ = {isa = PBXBuildFile; fileRef = 37ACF50424EBB8CC00A7DF58 /* SwiftUI.framework */; };
		37ACF50824EBB8CC00A7DF58 /* WidgetConfig.swift in Sources */ = {isa = PBXBuildFile; fileRef = 37ACF50724EBB8CC00A7DF58 /* WidgetConfig.swift */; };
		37ACF50B24EBB8CC00A7DF58 /* Assets.xcassets in Resources */ = {isa = PBXBuildFile; fileRef = 37ACF50A24EBB8CC00A7DF58 /* Assets.xcassets */; };
		37ACF50D24EBB8CC00A7DF58 /* CandleChartWidget.intentdefinition in Sources */ = {isa = PBXBuildFile; fileRef = 37ACF50924EBB8CC00A7DF58 /* CandleChartWidget.intentdefinition */; };
		37ACF50E24EBB8CC00A7DF58 /* CandleChartWidget.intentdefinition in Sources */ = {isa = PBXBuildFile; fileRef = 37ACF50924EBB8CC00A7DF58 /* CandleChartWidget.intentdefinition */; };
		37ACF51124EBB8CC00A7DF58 /* CandleChartWidgetExtension.appex in Embed App Extensions */ = {isa = PBXBuildFile; fileRef = 37ACF50024EBB8CC00A7DF58 /* CandleChartWidgetExtension.appex */; settings = {ATTRIBUTES = (RemoveHeadersOnCopy, ); }; };
		37ACF51824EBCDFB00A7DF58 /* Data.swift in Sources */ = {isa = PBXBuildFile; fileRef = 37ACF51724EBCDFB00A7DF58 /* Data.swift */; };
		37ACF51D24EBE0BD00A7DF58 /* WidgetDataModel.swift in Sources */ = {isa = PBXBuildFile; fileRef = 37ACF51C24EBE0BD00A7DF58 /* WidgetDataModel.swift */; };
		37ACF51E24EBE0BD00A7DF58 /* WidgetDataModel.swift in Sources */ = {isa = PBXBuildFile; fileRef = 37ACF51C24EBE0BD00A7DF58 /* WidgetDataModel.swift */; };
		37ACF52124EBE26F00A7DF58 /* DataProvider.swift in Sources */ = {isa = PBXBuildFile; fileRef = 37ACF52024EBE26F00A7DF58 /* DataProvider.swift */; };
		37ACF52224EBE26F00A7DF58 /* DataProvider.swift in Sources */ = {isa = PBXBuildFile; fileRef = 37ACF52024EBE26F00A7DF58 /* DataProvider.swift */; };
		37ACF52424EBE3D600A7DF58 /* MainWidgetView.swift in Sources */ = {isa = PBXBuildFile; fileRef = 37ACF52324EBE3D600A7DF58 /* MainWidgetView.swift */; };
		37ACF52524EBE3D600A7DF58 /* MainWidgetView.swift in Sources */ = {isa = PBXBuildFile; fileRef = 37ACF52324EBE3D600A7DF58 /* MainWidgetView.swift */; };
		37ACF52724EBE5A300A7DF58 /* CryptoDailyData.swift in Sources */ = {isa = PBXBuildFile; fileRef = 37ACF52624EBE5A300A7DF58 /* CryptoDailyData.swift */; };
		37ACF52824EBE5A300A7DF58 /* CryptoDailyData.swift in Sources */ = {isa = PBXBuildFile; fileRef = 37ACF52624EBE5A300A7DF58 /* CryptoDailyData.swift */; };
		37ACF52B24EBE6D500A7DF58 /* CryptoDailyLoader.swift in Sources */ = {isa = PBXBuildFile; fileRef = 37ACF52A24EBE6D500A7DF58 /* CryptoDailyLoader.swift */; };
		37ACF52C24EBE6D500A7DF58 /* CryptoDailyLoader.swift in Sources */ = {isa = PBXBuildFile; fileRef = 37ACF52A24EBE6D500A7DF58 /* CryptoDailyLoader.swift */; };
		37ACF52F24EBFDE200A7DF58 /* GetFormattedDate.swift in Sources */ = {isa = PBXBuildFile; fileRef = 37ACF52E24EBFDE200A7DF58 /* GetFormattedDate.swift */; };
		37ACF53824EBFE0C00A7DF58 /* GetFormattedDate.swift in Sources */ = {isa = PBXBuildFile; fileRef = 37ACF52E24EBFDE200A7DF58 /* GetFormattedDate.swift */; };
		37ACF53A24EBFFB100A7DF58 /* CandleChartView.swift in Sources */ = {isa = PBXBuildFile; fileRef = 37ACF53924EBFFB100A7DF58 /* CandleChartView.swift */; };
/* End PBXBuildFile section */

/* Begin PBXContainerItemProxy section */
		37ACF50F24EBB8CC00A7DF58 /* PBXContainerItemProxy */ = {
			isa = PBXContainerItemProxy;
			containerPortal = 37ACF4DD24EBB89000A7DF58 /* Project object */;
			proxyType = 1;
			remoteGlobalIDString = 37ACF4FF24EBB8CC00A7DF58;
			remoteInfo = CandleChartWidgetExtension;
		};
/* End PBXContainerItemProxy section */

/* Begin PBXCopyFilesBuildPhase section */
		37ACF51524EBB8CC00A7DF58 /* Embed App Extensions */ = {
			isa = PBXCopyFilesBuildPhase;
			buildActionMask = 2147483647;
			dstPath = "";
			dstSubfolderSpec = 13;
			files = (
				37ACF51124EBB8CC00A7DF58 /* CandleChartWidgetExtension.appex in Embed App Extensions */,
			);
			name = "Embed App Extensions";
			runOnlyForDeploymentPostprocessing = 0;
		};
/* End PBXCopyFilesBuildPhase section */

/* Begin PBXFileReference section */
		373469BD24EE9D3600F2B7B3 /* HeaderView.swift */ = {isa = PBXFileReference; lastKnownFileType = sourcecode.swift; path = HeaderView.swift; sourceTree = "<group>"; };
		373469C024EEA35500F2B7B3 /* GetDateFromString.swift */ = {isa = PBXFileReference; lastKnownFileType = sourcecode.swift; path = GetDateFromString.swift; sourceTree = "<group>"; };
		373469C324EEB31B00F2B7B3 /* SnapshotPreviewData.swift */ = {isa = PBXFileReference; lastKnownFileType = sourcecode.swift; path = SnapshotPreviewData.swift; sourceTree = "<group>"; };
		37ACF4E524EBB89000A7DF58 /* CryptoApp.app */ = {isa = PBXFileReference; explicitFileType = wrapper.application; includeInIndex = 0; path = CryptoApp.app; sourceTree = BUILT_PRODUCTS_DIR; };
		37ACF4E824EBB89000A7DF58 /* AppDelegate.swift */ = {isa = PBXFileReference; lastKnownFileType = sourcecode.swift; path = AppDelegate.swift; sourceTree = "<group>"; };
		37ACF4EA24EBB89000A7DF58 /* SceneDelegate.swift */ = {isa = PBXFileReference; lastKnownFileType = sourcecode.swift; path = SceneDelegate.swift; sourceTree = "<group>"; };
		37ACF4EC24EBB89000A7DF58 /* ContentView.swift */ = {isa = PBXFileReference; lastKnownFileType = sourcecode.swift; path = ContentView.swift; sourceTree = "<group>"; };
		37ACF4EE24EBB89100A7DF58 /* Assets.xcassets */ = {isa = PBXFileReference; lastKnownFileType = folder.assetcatalog; path = Assets.xcassets; sourceTree = "<group>"; };
		37ACF4F124EBB89100A7DF58 /* Preview Assets.xcassets */ = {isa = PBXFileReference; lastKnownFileType = folder.assetcatalog; path = "Preview Assets.xcassets"; sourceTree = "<group>"; };
		37ACF4F424EBB89100A7DF58 /* Base */ = {isa = PBXFileReference; lastKnownFileType = file.storyboard; name = Base; path = Base.lproj/LaunchScreen.storyboard; sourceTree = "<group>"; };
		37ACF4F624EBB89100A7DF58 /* Info.plist */ = {isa = PBXFileReference; lastKnownFileType = text.plist.xml; path = Info.plist; sourceTree = "<group>"; };
		37ACF50024EBB8CC00A7DF58 /* CandleChartWidgetExtension.appex */ = {isa = PBXFileReference; explicitFileType = "wrapper.app-extension"; includeInIndex = 0; path = CandleChartWidgetExtension.appex; sourceTree = BUILT_PRODUCTS_DIR; };
		37ACF50224EBB8CC00A7DF58 /* WidgetKit.framework */ = {isa = PBXFileReference; lastKnownFileType = wrapper.framework; name = WidgetKit.framework; path = System/Library/Frameworks/WidgetKit.framework; sourceTree = SDKROOT; };
		37ACF50424EBB8CC00A7DF58 /* SwiftUI.framework */ = {isa = PBXFileReference; lastKnownFileType = wrapper.framework; name = SwiftUI.framework; path = System/Library/Frameworks/SwiftUI.framework; sourceTree = SDKROOT; };
		37ACF50724EBB8CC00A7DF58 /* WidgetConfig.swift */ = {isa = PBXFileReference; lastKnownFileType = sourcecode.swift; path = WidgetConfig.swift; sourceTree = "<group>"; };
		37ACF50924EBB8CC00A7DF58 /* CandleChartWidget.intentdefinition */ = {isa = PBXFileReference; lastKnownFileType = file.intentdefinition; path = CandleChartWidget.intentdefinition; sourceTree = "<group>"; };
		37ACF50A24EBB8CC00A7DF58 /* Assets.xcassets */ = {isa = PBXFileReference; lastKnownFileType = folder.assetcatalog; path = Assets.xcassets; sourceTree = "<group>"; };
		37ACF50C24EBB8CC00A7DF58 /* Info.plist */ = {isa = PBXFileReference; lastKnownFileType = text.plist.xml; path = Info.plist; sourceTree = "<group>"; };
		37ACF51724EBCDFB00A7DF58 /* Data.swift */ = {isa = PBXFileReference; lastKnownFileType = sourcecode.swift; path = Data.swift; sourceTree = "<group>"; };
		37ACF51C24EBE0BD00A7DF58 /* WidgetDataModel.swift */ = {isa = PBXFileReference; lastKnownFileType = sourcecode.swift; path = WidgetDataModel.swift; sourceTree = "<group>"; };
		37ACF52024EBE26F00A7DF58 /* DataProvider.swift */ = {isa = PBXFileReference; lastKnownFileType = sourcecode.swift; path = DataProvider.swift; sourceTree = "<group>"; };
		37ACF52324EBE3D600A7DF58 /* MainWidgetView.swift */ = {isa = PBXFileReference; lastKnownFileType = sourcecode.swift; path = MainWidgetView.swift; sourceTree = "<group>"; };
		37ACF52624EBE5A300A7DF58 /* CryptoDailyData.swift */ = {isa = PBXFileReference; lastKnownFileType = sourcecode.swift; path = CryptoDailyData.swift; sourceTree = "<group>"; };
		37ACF52A24EBE6D500A7DF58 /* CryptoDailyLoader.swift */ = {isa = PBXFileReference; lastKnownFileType = sourcecode.swift; path = CryptoDailyLoader.swift; sourceTree = "<group>"; };
		37ACF52E24EBFDE200A7DF58 /* GetFormattedDate.swift */ = {isa = PBXFileReference; lastKnownFileType = sourcecode.swift; path = GetFormattedDate.swift; sourceTree = "<group>"; };
		37ACF53924EBFFB100A7DF58 /* CandleChartView.swift */ = {isa = PBXFileReference; lastKnownFileType = sourcecode.swift; path = CandleChartView.swift; sourceTree = "<group>"; };
/* End PBXFileReference section */

/* Begin PBXFrameworksBuildPhase section */
		37ACF4E224EBB89000A7DF58 /* Frameworks */ = {
			isa = PBXFrameworksBuildPhase;
			buildActionMask = 2147483647;
			files = (
			);
			runOnlyForDeploymentPostprocessing = 0;
		};
		37ACF4FD24EBB8CC00A7DF58 /* Frameworks */ = {
			isa = PBXFrameworksBuildPhase;
			buildActionMask = 2147483647;
			files = (
				37ACF50524EBB8CC00A7DF58 /* SwiftUI.framework in Frameworks */,
				37ACF50324EBB8CC00A7DF58 /* WidgetKit.framework in Frameworks */,
			);
			runOnlyForDeploymentPostprocessing = 0;
		};
/* End PBXFrameworksBuildPhase section */

/* Begin PBXGroup section */
		37ACF4DC24EBB89000A7DF58 = {
			isa = PBXGroup;
			children = (
				37ACF4E724EBB89000A7DF58 /* CryptoApp */,
				37ACF50624EBB8CC00A7DF58 /* CandleChartWidget */,
				37ACF50124EBB8CC00A7DF58 /* Frameworks */,
				37ACF4E624EBB89000A7DF58 /* Products */,
			);
			sourceTree = "<group>";
		};
		37ACF4E624EBB89000A7DF58 /* Products */ = {
			isa = PBXGroup;
			children = (
				37ACF4E524EBB89000A7DF58 /* CryptoApp.app */,
				37ACF50024EBB8CC00A7DF58 /* CandleChartWidgetExtension.appex */,
			);
			name = Products;
			sourceTree = "<group>";
		};
		37ACF4E724EBB89000A7DF58 /* CryptoApp */ = {
			isa = PBXGroup;
			children = (
				37ACF52D24EBFDC700A7DF58 /* Extensions */,
				37ACF52924EBE6AF00A7DF58 /* Services */,
				37ACF51624EBCDE800A7DF58 /* Models */,
				37ACF4E824EBB89000A7DF58 /* AppDelegate.swift */,
				37ACF4EA24EBB89000A7DF58 /* SceneDelegate.swift */,
				37ACF4EC24EBB89000A7DF58 /* ContentView.swift */,
				37ACF4EE24EBB89100A7DF58 /* Assets.xcassets */,
				37ACF4F324EBB89100A7DF58 /* LaunchScreen.storyboard */,
				37ACF4F624EBB89100A7DF58 /* Info.plist */,
				37ACF4F024EBB89100A7DF58 /* Preview Content */,
			);
			path = CryptoApp;
			sourceTree = "<group>";
		};
		37ACF4F024EBB89100A7DF58 /* Preview Content */ = {
			isa = PBXGroup;
			children = (
				37ACF4F124EBB89100A7DF58 /* Preview Assets.xcassets */,
			);
			path = "Preview Content";
			sourceTree = "<group>";
		};
		37ACF50124EBB8CC00A7DF58 /* Frameworks */ = {
			isa = PBXGroup;
			children = (
				37ACF50224EBB8CC00A7DF58 /* WidgetKit.framework */,
				37ACF50424EBB8CC00A7DF58 /* SwiftUI.framework */,
			);
			name = Frameworks;
			sourceTree = "<group>";
		};
		37ACF50624EBB8CC00A7DF58 /* CandleChartWidget */ = {
			isa = PBXGroup;
			children = (
				37ACF51F24EBE23E00A7DF58 /* WidgetView */,
				37ACF51B24EBE08B00A7DF58 /* WidgetModels */,
				37ACF50724EBB8CC00A7DF58 /* WidgetConfig.swift */,
				37ACF52024EBE26F00A7DF58 /* DataProvider.swift */,
				37ACF50924EBB8CC00A7DF58 /* CandleChartWidget.intentdefinition */,
				37ACF50A24EBB8CC00A7DF58 /* Assets.xcassets */,
				37ACF50C24EBB8CC00A7DF58 /* Info.plist */,
			);
			path = CandleChartWidget;
			sourceTree = "<group>";
		};
		37ACF51624EBCDE800A7DF58 /* Models */ = {
			isa = PBXGroup;
			children = (
				37ACF51724EBCDFB00A7DF58 /* Data.swift */,
				37ACF52624EBE5A300A7DF58 /* CryptoDailyData.swift */,
			);
			path = Models;
			sourceTree = "<group>";
		};
		37ACF51B24EBE08B00A7DF58 /* WidgetModels */ = {
			isa = PBXGroup;
			children = (
				37ACF51C24EBE0BD00A7DF58 /* WidgetDataModel.swift */,
				373469C324EEB31B00F2B7B3 /* SnapshotPreviewData.swift */,
			);
			path = WidgetModels;
			sourceTree = "<group>";
		};
		37ACF51F24EBE23E00A7DF58 /* WidgetView */ = {
			isa = PBXGroup;
			children = (
				37ACF52324EBE3D600A7DF58 /* MainWidgetView.swift */,
				37ACF53924EBFFB100A7DF58 /* CandleChartView.swift */,
				373469BD24EE9D3600F2B7B3 /* HeaderView.swift */,
			);
			path = WidgetView;
			sourceTree = "<group>";
		};
		37ACF52924EBE6AF00A7DF58 /* Services */ = {
			isa = PBXGroup;
			children = (
				37ACF52A24EBE6D500A7DF58 /* CryptoDailyLoader.swift */,
			);
			path = Services;
			sourceTree = "<group>";
		};
		37ACF52D24EBFDC700A7DF58 /* Extensions */ = {
			isa = PBXGroup;
			children = (
				37ACF52E24EBFDE200A7DF58 /* GetFormattedDate.swift */,
				373469C024EEA35500F2B7B3 /* GetDateFromString.swift */,
			);
			path = Extensions;
			sourceTree = "<group>";
		};
/* End PBXGroup section */

/* Begin PBXNativeTarget section */
		37ACF4E424EBB89000A7DF58 /* CryptoApp */ = {
			isa = PBXNativeTarget;
			buildConfigurationList = 37ACF4F924EBB89100A7DF58 /* Build configuration list for PBXNativeTarget "CryptoApp" */;
			buildPhases = (
				37ACF4E124EBB89000A7DF58 /* Sources */,
				37ACF4E224EBB89000A7DF58 /* Frameworks */,
				37ACF4E324EBB89000A7DF58 /* Resources */,
				37ACF51524EBB8CC00A7DF58 /* Embed App Extensions */,
			);
			buildRules = (
			);
			dependencies = (
				37ACF51024EBB8CC00A7DF58 /* PBXTargetDependency */,
			);
			name = CryptoApp;
			productName = CryptoApp;
			productReference = 37ACF4E524EBB89000A7DF58 /* CryptoApp.app */;
			productType = "com.apple.product-type.application";
		};
		37ACF4FF24EBB8CC00A7DF58 /* CandleChartWidgetExtension */ = {
			isa = PBXNativeTarget;
			buildConfigurationList = 37ACF51224EBB8CC00A7DF58 /* Build configuration list for PBXNativeTarget "CandleChartWidgetExtension" */;
			buildPhases = (
				37ACF4FC24EBB8CC00A7DF58 /* Sources */,
				37ACF4FD24EBB8CC00A7DF58 /* Frameworks */,
				37ACF4FE24EBB8CC00A7DF58 /* Resources */,
			);
			buildRules = (
			);
			dependencies = (
			);
			name = CandleChartWidgetExtension;
			productName = CandleChartWidgetExtension;
			productReference = 37ACF50024EBB8CC00A7DF58 /* CandleChartWidgetExtension.appex */;
			productType = "com.apple.product-type.app-extension";
		};
/* End PBXNativeTarget section */

/* Begin PBXProject section */
		37ACF4DD24EBB89000A7DF58 /* Project object */ = {
			isa = PBXProject;
			attributes = {
				LastSwiftUpdateCheck = 1200;
				LastUpgradeCheck = 1200;
				TargetAttributes = {
					37ACF4E424EBB89000A7DF58 = {
						CreatedOnToolsVersion = 12.0;
					};
					37ACF4FF24EBB8CC00A7DF58 = {
						CreatedOnToolsVersion = 12.0;
					};
				};
			};
			buildConfigurationList = 37ACF4E024EBB89000A7DF58 /* Build configuration list for PBXProject "CryptoApp" */;
			compatibilityVersion = "Xcode 9.3";
			developmentRegion = en;
			hasScannedForEncodings = 0;
			knownRegions = (
				en,
				Base,
			);
			mainGroup = 37ACF4DC24EBB89000A7DF58;
			productRefGroup = 37ACF4E624EBB89000A7DF58 /* Products */;
			projectDirPath = "";
			projectRoot = "";
			targets = (
				37ACF4E424EBB89000A7DF58 /* CryptoApp */,
				37ACF4FF24EBB8CC00A7DF58 /* CandleChartWidgetExtension */,
			);
		};
/* End PBXProject section */

/* Begin PBXResourcesBuildPhase section */
		37ACF4E324EBB89000A7DF58 /* Resources */ = {
			isa = PBXResourcesBuildPhase;
			buildActionMask = 2147483647;
			files = (
				37ACF4F524EBB89100A7DF58 /* LaunchScreen.storyboard in Resources */,
				37ACF4F224EBB89100A7DF58 /* Preview Assets.xcassets in Resources */,
				37ACF4EF24EBB89100A7DF58 /* Assets.xcassets in Resources */,
			);
			runOnlyForDeploymentPostprocessing = 0;
		};
		37ACF4FE24EBB8CC00A7DF58 /* Resources */ = {
			isa = PBXResourcesBuildPhase;
			buildActionMask = 2147483647;
			files = (
				37ACF50B24EBB8CC00A7DF58 /* Assets.xcassets in Resources */,
			);
			runOnlyForDeploymentPostprocessing = 0;
		};
/* End PBXResourcesBuildPhase section */

/* Begin PBXSourcesBuildPhase section */
		37ACF4E124EBB89000A7DF58 /* Sources */ = {
			isa = PBXSourcesBuildPhase;
			buildActionMask = 2147483647;
			files = (
				373469C424EEB31B00F2B7B3 /* SnapshotPreviewData.swift in Sources */,
				37ACF52F24EBFDE200A7DF58 /* GetFormattedDate.swift in Sources */,
				37ACF52B24EBE6D500A7DF58 /* CryptoDailyLoader.swift in Sources */,
				37ACF51D24EBE0BD00A7DF58 /* WidgetDataModel.swift in Sources */,
				37ACF50E24EBB8CC00A7DF58 /* CandleChartWidget.intentdefinition in Sources */,
				37ACF52124EBE26F00A7DF58 /* DataProvider.swift in Sources */,
				37ACF51824EBCDFB00A7DF58 /* Data.swift in Sources */,
				37ACF52724EBE5A300A7DF58 /* CryptoDailyData.swift in Sources */,
				37ACF4E924EBB89000A7DF58 /* AppDelegate.swift in Sources */,
				373469BE24EE9D3600F2B7B3 /* HeaderView.swift in Sources */,
				373469C124EEA35500F2B7B3 /* GetDateFromString.swift in Sources */,
				37ACF4EB24EBB89000A7DF58 /* SceneDelegate.swift in Sources */,
				37ACF53A24EBFFB100A7DF58 /* CandleChartView.swift in Sources */,
				37ACF4ED24EBB89000A7DF58 /* ContentView.swift in Sources */,
				37ACF52424EBE3D600A7DF58 /* MainWidgetView.swift in Sources */,
			);
			runOnlyForDeploymentPostprocessing = 0;
		};
		37ACF4FC24EBB8CC00A7DF58 /* Sources */ = {
			isa = PBXSourcesBuildPhase;
			buildActionMask = 2147483647;
			files = (
				37ACF50D24EBB8CC00A7DF58 /* CandleChartWidget.intentdefinition in Sources */,
				37ACF52524EBE3D600A7DF58 /* MainWidgetView.swift in Sources */,
				37ACF52824EBE5A300A7DF58 /* CryptoDailyData.swift in Sources */,
				37ACF52C24EBE6D500A7DF58 /* CryptoDailyLoader.swift in Sources */,
				373469C524EEB31B00F2B7B3 /* SnapshotPreviewData.swift in Sources */,
				373469BF24EE9D3600F2B7B3 /* HeaderView.swift in Sources */,
				3782752A24EC0F5B00BF80C6 /* Data.swift in Sources */,
				3782752624EC026A00BF80C6 /* CandleChartView.swift in Sources */,
				37ACF51E24EBE0BD00A7DF58 /* WidgetDataModel.swift in Sources */,
				37ACF53824EBFE0C00A7DF58 /* GetFormattedDate.swift in Sources */,
				37ACF52224EBE26F00A7DF58 /* DataProvider.swift in Sources */,
				37ACF50824EBB8CC00A7DF58 /* WidgetConfig.swift in Sources */,
				373469C224EEA35500F2B7B3 /* GetDateFromString.swift in Sources */,
			);
			runOnlyForDeploymentPostprocessing = 0;
		};
/* End PBXSourcesBuildPhase section */

/* Begin PBXTargetDependency section */
		37ACF51024EBB8CC00A7DF58 /* PBXTargetDependency */ = {
			isa = PBXTargetDependency;
			target = 37ACF4FF24EBB8CC00A7DF58 /* CandleChartWidgetExtension */;
			targetProxy = 37ACF50F24EBB8CC00A7DF58 /* PBXContainerItemProxy */;
		};
/* End PBXTargetDependency section */

/* Begin PBXVariantGroup section */
		37ACF4F324EBB89100A7DF58 /* LaunchScreen.storyboard */ = {
			isa = PBXVariantGroup;
			children = (
				37ACF4F424EBB89100A7DF58 /* Base */,
			);
			name = LaunchScreen.storyboard;
			sourceTree = "<group>";
		};
/* End PBXVariantGroup section */

/* Begin XCBuildConfiguration section */
		37ACF4F724EBB89100A7DF58 /* Debug */ = {
			isa = XCBuildConfiguration;
			buildSettings = {
				ALWAYS_SEARCH_USER_PATHS = NO;
				CLANG_ANALYZER_NONNULL = YES;
				CLANG_ANALYZER_NUMBER_OBJECT_CONVERSION = YES_AGGRESSIVE;
				CLANG_CXX_LANGUAGE_STANDARD = "gnu++14";
				CLANG_CXX_LIBRARY = "libc++";
				CLANG_ENABLE_MODULES = YES;
				CLANG_ENABLE_OBJC_ARC = YES;
				CLANG_ENABLE_OBJC_WEAK = YES;
				CLANG_WARN_BLOCK_CAPTURE_AUTORELEASING = YES;
				CLANG_WARN_BOOL_CONVERSION = YES;
				CLANG_WARN_COMMA = YES;
				CLANG_WARN_CONSTANT_CONVERSION = YES;
				CLANG_WARN_DEPRECATED_OBJC_IMPLEMENTATIONS = YES;
				CLANG_WARN_DIRECT_OBJC_ISA_USAGE = YES_ERROR;
				CLANG_WARN_DOCUMENTATION_COMMENTS = YES;
				CLANG_WARN_EMPTY_BODY = YES;
				CLANG_WARN_ENUM_CONVERSION = YES;
				CLANG_WARN_INFINITE_RECURSION = YES;
				CLANG_WARN_INT_CONVERSION = YES;
				CLANG_WARN_NON_LITERAL_NULL_CONVERSION = YES;
				CLANG_WARN_OBJC_IMPLICIT_RETAIN_SELF = YES;
				CLANG_WARN_OBJC_LITERAL_CONVERSION = YES;
				CLANG_WARN_OBJC_ROOT_CLASS = YES_ERROR;
				CLANG_WARN_QUOTED_INCLUDE_IN_FRAMEWORK_HEADER = YES;
				CLANG_WARN_RANGE_LOOP_ANALYSIS = YES;
				CLANG_WARN_STRICT_PROTOTYPES = YES;
				CLANG_WARN_SUSPICIOUS_MOVE = YES;
				CLANG_WARN_UNGUARDED_AVAILABILITY = YES_AGGRESSIVE;
				CLANG_WARN_UNREACHABLE_CODE = YES;
				CLANG_WARN__DUPLICATE_METHOD_MATCH = YES;
				COPY_PHASE_STRIP = NO;
				DEBUG_INFORMATION_FORMAT = dwarf;
				ENABLE_STRICT_OBJC_MSGSEND = YES;
				ENABLE_TESTABILITY = YES;
				GCC_C_LANGUAGE_STANDARD = gnu11;
				GCC_DYNAMIC_NO_PIC = NO;
				GCC_NO_COMMON_BLOCKS = YES;
				GCC_OPTIMIZATION_LEVEL = 0;
				GCC_PREPROCESSOR_DEFINITIONS = (
					"DEBUG=1",
					"$(inherited)",
				);
				GCC_WARN_64_TO_32_BIT_CONVERSION = YES;
				GCC_WARN_ABOUT_RETURN_TYPE = YES_ERROR;
				GCC_WARN_UNDECLARED_SELECTOR = YES;
				GCC_WARN_UNINITIALIZED_AUTOS = YES_AGGRESSIVE;
				GCC_WARN_UNUSED_FUNCTION = YES;
				GCC_WARN_UNUSED_VARIABLE = YES;
				IPHONEOS_DEPLOYMENT_TARGET = 14.0;
				MTL_ENABLE_DEBUG_INFO = INCLUDE_SOURCE;
				MTL_FAST_MATH = YES;
				ONLY_ACTIVE_ARCH = YES;
				SDKROOT = iphoneos;
				SWIFT_ACTIVE_COMPILATION_CONDITIONS = DEBUG;
				SWIFT_OPTIMIZATION_LEVEL = "-Onone";
			};
			name = Debug;
		};
		37ACF4F824EBB89100A7DF58 /* Release */ = {
			isa = XCBuildConfiguration;
			buildSettings = {
				ALWAYS_SEARCH_USER_PATHS = NO;
				CLANG_ANALYZER_NONNULL = YES;
				CLANG_ANALYZER_NUMBER_OBJECT_CONVERSION = YES_AGGRESSIVE;
				CLANG_CXX_LANGUAGE_STANDARD = "gnu++14";
				CLANG_CXX_LIBRARY = "libc++";
				CLANG_ENABLE_MODULES = YES;
				CLANG_ENABLE_OBJC_ARC = YES;
				CLANG_ENABLE_OBJC_WEAK = YES;
				CLANG_WARN_BLOCK_CAPTURE_AUTORELEASING = YES;
				CLANG_WARN_BOOL_CONVERSION = YES;
				CLANG_WARN_COMMA = YES;
				CLANG_WARN_CONSTANT_CONVERSION = YES;
				CLANG_WARN_DEPRECATED_OBJC_IMPLEMENTATIONS = YES;
				CLANG_WARN_DIRECT_OBJC_ISA_USAGE = YES_ERROR;
				CLANG_WARN_DOCUMENTATION_COMMENTS = YES;
				CLANG_WARN_EMPTY_BODY = YES;
				CLANG_WARN_ENUM_CONVERSION = YES;
				CLANG_WARN_INFINITE_RECURSION = YES;
				CLANG_WARN_INT_CONVERSION = YES;
				CLANG_WARN_NON_LITERAL_NULL_CONVERSION = YES;
				CLANG_WARN_OBJC_IMPLICIT_RETAIN_SELF = YES;
				CLANG_WARN_OBJC_LITERAL_CONVERSION = YES;
				CLANG_WARN_OBJC_ROOT_CLASS = YES_ERROR;
				CLANG_WARN_QUOTED_INCLUDE_IN_FRAMEWORK_HEADER = YES;
				CLANG_WARN_RANGE_LOOP_ANALYSIS = YES;
				CLANG_WARN_STRICT_PROTOTYPES = YES;
				CLANG_WARN_SUSPICIOUS_MOVE = YES;
				CLANG_WARN_UNGUARDED_AVAILABILITY = YES_AGGRESSIVE;
				CLANG_WARN_UNREACHABLE_CODE = YES;
				CLANG_WARN__DUPLICATE_METHOD_MATCH = YES;
				COPY_PHASE_STRIP = NO;
				DEBUG_INFORMATION_FORMAT = "dwarf-with-dsym";
				ENABLE_NS_ASSERTIONS = NO;
				ENABLE_STRICT_OBJC_MSGSEND = YES;
				GCC_C_LANGUAGE_STANDARD = gnu11;
				GCC_NO_COMMON_BLOCKS = YES;
				GCC_WARN_64_TO_32_BIT_CONVERSION = YES;
				GCC_WARN_ABOUT_RETURN_TYPE = YES_ERROR;
				GCC_WARN_UNDECLARED_SELECTOR = YES;
				GCC_WARN_UNINITIALIZED_AUTOS = YES_AGGRESSIVE;
				GCC_WARN_UNUSED_FUNCTION = YES;
				GCC_WARN_UNUSED_VARIABLE = YES;
				IPHONEOS_DEPLOYMENT_TARGET = 14.0;
				MTL_ENABLE_DEBUG_INFO = NO;
				MTL_FAST_MATH = YES;
				SDKROOT = iphoneos;
				SWIFT_COMPILATION_MODE = wholemodule;
				SWIFT_OPTIMIZATION_LEVEL = "-O";
				VALIDATE_PRODUCT = YES;
			};
			name = Release;
		};
		37ACF4FA24EBB89100A7DF58 /* Debug */ = {
			isa = XCBuildConfiguration;
			buildSettings = {
				ALWAYS_EMBED_SWIFT_STANDARD_LIBRARIES = YES;
				ASSETCATALOG_COMPILER_APPICON_NAME = AppIcon;
				ASSETCATALOG_COMPILER_GLOBAL_ACCENT_COLOR_NAME = AccentColor;
				CODE_SIGN_STYLE = Automatic;
				DEVELOPMENT_ASSET_PATHS = "\"CryptoApp/Preview Content\"";
				DEVELOPMENT_TEAM = 2493DF6K24;
				ENABLE_PREVIEWS = YES;
				INFOPLIST_FILE = CryptoApp/Info.plist;
				LD_RUNPATH_SEARCH_PATHS = (
					"$(inherited)",
					"@executable_path/Frameworks",
				);
				PRODUCT_BUNDLE_IDENTIFIER = Eminus.CryptoApp;
				PRODUCT_NAME = "$(TARGET_NAME)";
				SWIFT_VERSION = 5.0;
				TARGETED_DEVICE_FAMILY = "1,2";
			};
			name = Debug;
		};
		37ACF4FB24EBB89100A7DF58 /* Release */ = {
			isa = XCBuildConfiguration;
			buildSettings = {
				ALWAYS_EMBED_SWIFT_STANDARD_LIBRARIES = YES;
				ASSETCATALOG_COMPILER_APPICON_NAME = AppIcon;
				ASSETCATALOG_COMPILER_GLOBAL_ACCENT_COLOR_NAME = AccentColor;
				CODE_SIGN_STYLE = Automatic;
				DEVELOPMENT_ASSET_PATHS = "\"CryptoApp/Preview Content\"";
				DEVELOPMENT_TEAM = 2493DF6K24;
				ENABLE_PREVIEWS = YES;
				INFOPLIST_FILE = CryptoApp/Info.plist;
				LD_RUNPATH_SEARCH_PATHS = (
					"$(inherited)",
					"@executable_path/Frameworks",
				);
				PRODUCT_BUNDLE_IDENTIFIER = Eminus.CryptoApp;
				PRODUCT_NAME = "$(TARGET_NAME)";
				SWIFT_VERSION = 5.0;
				TARGETED_DEVICE_FAMILY = "1,2";
			};
			name = Release;
		};
		37ACF51324EBB8CC00A7DF58 /* Debug */ = {
			isa = XCBuildConfiguration;
			buildSettings = {
				ASSETCATALOG_COMPILER_GLOBAL_ACCENT_COLOR_NAME = AccentColor;
				ASSETCATALOG_COMPILER_WIDGET_BACKGROUND_COLOR_NAME = WidgetBackground;
				CODE_SIGN_STYLE = Automatic;
				DEVELOPMENT_TEAM = 2493DF6K24;
				INFOPLIST_FILE = CandleChartWidget/Info.plist;
				LD_RUNPATH_SEARCH_PATHS = (
					"$(inherited)",
					"@executable_path/Frameworks",
					"@executable_path/../../Frameworks",
				);
				PRODUCT_BUNDLE_IDENTIFIER = Eminus.CryptoApp.CandleChartWidget;
				PRODUCT_NAME = "$(TARGET_NAME)";
				SKIP_INSTALL = YES;
				SWIFT_VERSION = 5.0;
				TARGETED_DEVICE_FAMILY = "1,2";
			};
			name = Debug;
		};
		37ACF51424EBB8CC00A7DF58 /* Release */ = {
			isa = XCBuildConfiguration;
			buildSettings = {
				ASSETCATALOG_COMPILER_GLOBAL_ACCENT_COLOR_NAME = AccentColor;
				ASSETCATALOG_COMPILER_WIDGET_BACKGROUND_COLOR_NAME = WidgetBackground;
				CODE_SIGN_STYLE = Automatic;
				DEVELOPMENT_TEAM = 2493DF6K24;
				INFOPLIST_FILE = CandleChartWidget/Info.plist;
				LD_RUNPATH_SEARCH_PATHS = (
					"$(inherited)",
					"@executable_path/Frameworks",
					"@executable_path/../../Frameworks",
				);
				PRODUCT_BUNDLE_IDENTIFIER = Eminus.CryptoApp.CandleChartWidget;
				PRODUCT_NAME = "$(TARGET_NAME)";
				SKIP_INSTALL = YES;
				SWIFT_VERSION = 5.0;
				TARGETED_DEVICE_FAMILY = "1,2";
			};
			name = Release;
		};
/* End XCBuildConfiguration section */

/* Begin XCConfigurationList section */
		37ACF4E024EBB89000A7DF58 /* Build configuration list for PBXProject "CryptoApp" */ = {
			isa = XCConfigurationList;
			buildConfigurations = (
				37ACF4F724EBB89100A7DF58 /* Debug */,
				37ACF4F824EBB89100A7DF58 /* Release */,
			);
			defaultConfigurationIsVisible = 0;
			defaultConfigurationName = Release;
		};
		37ACF4F924EBB89100A7DF58 /* Build configuration list for PBXNativeTarget "CryptoApp" */ = {
			isa = XCConfigurationList;
			buildConfigurations = (
				37ACF4FA24EBB89100A7DF58 /* Debug */,
				37ACF4FB24EBB89100A7DF58 /* Release */,
			);
			defaultConfigurationIsVisible = 0;
			defaultConfigurationName = Release;
		};
		37ACF51224EBB8CC00A7DF58 /* Build configuration list for PBXNativeTarget "CandleChartWidgetExtension" */ = {
			isa = XCConfigurationList;
			buildConfigurations = (
				37ACF51324EBB8CC00A7DF58 /* Debug */,
				37ACF51424EBB8CC00A7DF58 /* Release */,
			);
			defaultConfigurationIsVisible = 0;
			defaultConfigurationName = Release;
		};
/* End XCConfigurationList section */
	};
	rootObject = 37ACF4DD24EBB89000A7DF58 /* Project object */;
}
